
Microsoft Visual Studio Solution File, Format Version 12.00
# Visual Studio Version 16
VisualStudioVersion = 16.0.30621.155
MinimumVisualStudioVersion = 10.0.40219.1
Project("{9A19103F-16F7-4668-BE54-9A1E7A4F7556}") = "DiplomaProject", "DiplomaProject\DiplomaProject.csproj", "{79A72D04-8651-4079-8CCF-87C4F2BCEC71}"
EndProject
Project("{9A19103F-16F7-4668-BE54-9A1E7A4F7556}") = "DiplomaProjectXUnitTests", "..\DiplomaProjectXUnitTests_WorkTimeReportingWebAPI\DiplomaProjectXUnitTests.csproj", "{58AA5AFE-C706-4619-AB18-EC65BAFA5E3D}"
EndProject
Global
	GlobalSection(SolutionConfigurationPlatforms) = preSolution
		Debug|Any CPU = Debug|Any CPU
		Release|Any CPU = Release|Any CPU
	EndGlobalSection
	GlobalSection(ProjectConfigurationPlatforms) = postSolution
		{79A72D04-8651-4079-8CCF-87C4F2BCEC71}.Debug|Any CPU.ActiveCfg = Debug|Any CPU
		{79A72D04-8651-4079-8CCF-87C4F2BCEC71}.Debug|Any CPU.Build.0 = Debug|Any CPU
		{79A72D04-8651-4079-8CCF-87C4F2BCEC71}.Release|Any CPU.ActiveCfg = Release|Any CPU
		{79A72D04-8651-4079-8CCF-87C4F2BCEC71}.Release|Any CPU.Build.0 = Release|Any CPU
		{58AA5AFE-C706-4619-AB18-EC65BAFA5E3D}.Debug|Any CPU.ActiveCfg = Debug|Any CPU
		{58AA5AFE-C706-4619-AB18-EC65BAFA5E3D}.Debug|Any CPU.Build.0 = Debug|Any CPU
		{58AA5AFE-C706-4619-AB18-EC65BAFA5E3D}.Release|Any CPU.ActiveCfg = Release|Any CPU
		{58AA5AFE-C706-4619-AB18-EC65BAFA5E3D}.Release|Any CPU.Build.0 = Release|Any CPU
	EndGlobalSection
	GlobalSection(SolutionProperties) = preSolution
		HideSolutionNode = FALSE
	EndGlobalSection
	GlobalSection(ExtensibilityGlobals) = postSolution
		SolutionGuid = {F4A0BC12-3E0E-4E8D-AE70-4564B9D6434D}
	EndGlobalSection
EndGlobal
